// !$*UTF8*$!
{
	archiveVersion = 1;
	classes = {
	};
	objectVersion = 46;
	objects = {

/* Begin PBXBuildFile section */
		D58EF50C1BEA9357003BB662 /* main.m in Sources */ = {isa = PBXBuildFile; fileRef = D58EF50B1BEA9357003BB662 /* main.m */; };
		D58EF50F1BEA9357003BB662 /* AppDelegate.m in Sources */ = {isa = PBXBuildFile; fileRef = D58EF50E1BEA9357003BB662 /* AppDelegate.m */; };
		D58EF5121BEA9357003BB662 /* ViewController.m in Sources */ = {isa = PBXBuildFile; fileRef = D58EF5111BEA9357003BB662 /* ViewController.m */; };
		D58EF5151BEA9357003BB662 /* Main.storyboard in Resources */ = {isa = PBXBuildFile; fileRef = D58EF5131BEA9357003BB662 /* Main.storyboard */; };
		D58EF5171BEA9357003BB662 /* Assets.xcassets in Resources */ = {isa = PBXBuildFile; fileRef = D58EF5161BEA9357003BB662 /* Assets.xcassets */; };
		D58EF51A1BEA9357003BB662 /* LaunchScreen.storyboard in Resources */ = {isa = PBXBuildFile; fileRef = D58EF5181BEA9357003BB662 /* LaunchScreen.storyboard */; };
		D58EF5271BEA9404003BB662 /* Underdark.framework in Frameworks */ = {isa = PBXBuildFile; fileRef = D58EF5261BEA9404003BB662 /* Underdark.framework */; };
		D58EF5281BEA9413003BB662 /* Underdark.framework in Frameworks */ = {isa = PBXBuildFile; fileRef = D58EF5261BEA9404003BB662 /* Underdark.framework */; };
		D58EF5291BEA9413003BB662 /* Underdark.framework in Embed Frameworks */ = {isa = PBXBuildFile; fileRef = D58EF5261BEA9404003BB662 /* Underdark.framework */; settings = {ATTRIBUTES = (CodeSignOnCopy, RemoveHeadersOnCopy, ); }; };
		D58EF52F1BEA9439003BB662 /* Node.m in Sources */ = {isa = PBXBuildFile; fileRef = D58EF52E1BEA9439003BB662 /* Node.m */; };
/* End PBXBuildFile section */

/* Begin PBXCopyFilesBuildPhase section */
		D58EF52A1BEA9413003BB662 /* Embed Frameworks */ = {
			isa = PBXCopyFilesBuildPhase;
			buildActionMask = 2147483647;
			dstPath = "";
			dstSubfolderSpec = 10;
			files = (
				D58EF5291BEA9413003BB662 /* Underdark.framework in Embed Frameworks */,
			);
			name = "Embed Frameworks";
			runOnlyForDeploymentPostprocessing = 0;
		};
/* End PBXCopyFilesBuildPhase section */

/* Begin PBXFileReference section */
		D58EF5071BEA9357003BB662 /* UDApp.app */ = {isa = PBXFileReference; explicitFileType = wrapper.application; includeInIndex = 0; path = UDApp.app; sourceTree = BUILT_PRODUCTS_DIR; };
		D58EF50B1BEA9357003BB662 /* main.m */ = {isa = PBXFileReference; lastKnownFileType = sourcecode.c.objc; path = main.m; sourceTree = "<group>"; };
		D58EF50D1BEA9357003BB662 /* AppDelegate.h */ = {isa = PBXFileReference; lastKnownFileType = sourcecode.c.h; path = AppDelegate.h; sourceTree = "<group>"; };
		D58EF50E1BEA9357003BB662 /* AppDelegate.m */ = {isa = PBXFileReference; lastKnownFileType = sourcecode.c.objc; path = AppDelegate.m; sourceTree = "<group>"; };
		D58EF5101BEA9357003BB662 /* ViewController.h */ = {isa = PBXFileReference; lastKnownFileType = sourcecode.c.h; path = ViewController.h; sourceTree = "<group>"; };
		D58EF5111BEA9357003BB662 /* ViewController.m */ = {isa = PBXFileReference; lastKnownFileType = sourcecode.c.objc; path = ViewController.m; sourceTree = "<group>"; };
		D58EF5141BEA9357003BB662 /* Base */ = {isa = PBXFileReference; lastKnownFileType = file.storyboard; name = Base; path = Base.lproj/Main.storyboard; sourceTree = "<group>"; };
		D58EF5161BEA9357003BB662 /* Assets.xcassets */ = {isa = PBXFileReference; lastKnownFileType = folder.assetcatalog; path = Assets.xcassets; sourceTree = "<group>"; };
		D58EF5191BEA9357003BB662 /* Base */ = {isa = PBXFileReference; lastKnownFileType = file.storyboard; name = Base; path = Base.lproj/LaunchScreen.storyboard; sourceTree = "<group>"; };
		D58EF51B1BEA9357003BB662 /* Info.plist */ = {isa = PBXFileReference; lastKnownFileType = text.plist.xml; path = Info.plist; sourceTree = "<group>"; };
		D58EF5261BEA9404003BB662 /* Underdark.framework */ = {isa = PBXFileReference; lastKnownFileType = wrapper.framework; path = Underdark.framework; sourceTree = "<group>"; };
		D58EF52D1BEA9439003BB662 /* Node.h */ = {isa = PBXFileReference; fileEncoding = 4; lastKnownFileType = sourcecode.c.h; path = Node.h; sourceTree = "<group>"; };
		D58EF52E1BEA9439003BB662 /* Node.m */ = {isa = PBXFileReference; fileEncoding = 4; lastKnownFileType = sourcecode.c.objc; path = Node.m; sourceTree = "<group>"; };
/* End PBXFileReference section */

/* Begin PBXFrameworksBuildPhase section */
		D58EF5041BEA9357003BB662 /* Frameworks */ = {
			isa = PBXFrameworksBuildPhase;
			buildActionMask = 2147483647;
			files = (
				D58EF5271BEA9404003BB662 /* Underdark.framework in Frameworks */,
				D58EF5281BEA9413003BB662 /* Underdark.framework in Frameworks */,
			);
			runOnlyForDeploymentPostprocessing = 0;
		};
/* End PBXFrameworksBuildPhase section */

/* Begin PBXGroup section */
		D58EF4FE1BEA9356003BB662 = {
			isa = PBXGroup;
			children = (
				D58EF5251BEA9404003BB662 /* Libraries */,
				D58EF5091BEA9357003BB662 /* UDApp */,
				D58EF5081BEA9357003BB662 /* Products */,
			);
			sourceTree = "<group>";
		};
		D58EF5081BEA9357003BB662 /* Products */ = {
			isa = PBXGroup;
			children = (
				D58EF5071BEA9357003BB662 /* UDApp.app */,
			);
			name = Products;
			sourceTree = "<group>";
		};
		D58EF5091BEA9357003BB662 /* UDApp */ = {
			isa = PBXGroup;
			children = (
				D58EF52B1BEA941C003BB662 /* Model */,
				D58EF52C1BEA9420003BB662 /* Controllers */,
				D58EF50D1BEA9357003BB662 /* AppDelegate.h */,
				D58EF50E1BEA9357003BB662 /* AppDelegate.m */,
				D58EF5131BEA9357003BB662 /* Main.storyboard */,
				D58EF5161BEA9357003BB662 /* Assets.xcassets */,
				D58EF5181BEA9357003BB662 /* LaunchScreen.storyboard */,
				D58EF51B1BEA9357003BB662 /* Info.plist */,
				D58EF50A1BEA9357003BB662 /* Supporting Files */,
			);
			path = UDApp;
			sourceTree = "<group>";
		};
		D58EF50A1BEA9357003BB662 /* Supporting Files */ = {
			isa = PBXGroup;
			children = (
				D58EF50B1BEA9357003BB662 /* main.m */,
			);
			name = "Supporting Files";
			sourceTree = "<group>";
		};
		D58EF5251BEA9404003BB662 /* Libraries */ = {
			isa = PBXGroup;
			children = (
				D58EF5261BEA9404003BB662 /* Underdark.framework */,
			);
			path = Libraries;
			sourceTree = "<group>";
		};
		D58EF52B1BEA941C003BB662 /* Model */ = {
			isa = PBXGroup;
			children = (
				D58EF52D1BEA9439003BB662 /* Node.h */,
				D58EF52E1BEA9439003BB662 /* Node.m */,
			);
			name = Model;
			sourceTree = "<group>";
		};
		D58EF52C1BEA9420003BB662 /* Controllers */ = {
			isa = PBXGroup;
			children = (
				D58EF5101BEA9357003BB662 /* ViewController.h */,
				D58EF5111BEA9357003BB662 /* ViewController.m */,
			);
			name = Controllers;
			sourceTree = "<group>";
		};
/* End PBXGroup section */

/* Begin PBXNativeTarget section */
		D58EF5061BEA9357003BB662 /* UDApp */ = {
			isa = PBXNativeTarget;
			buildConfigurationList = D58EF51E1BEA9357003BB662 /* Build configuration list for PBXNativeTarget "UDApp" */;
			buildPhases = (
				D58EF5031BEA9357003BB662 /* Sources */,
				D58EF5041BEA9357003BB662 /* Frameworks */,
				D58EF5051BEA9357003BB662 /* Resources */,
				D58EF52A1BEA9413003BB662 /* Embed Frameworks */,
			);
			buildRules = (
			);
			dependencies = (
			);
			name = UDApp;
			productName = UDApp;
			productReference = D58EF5071BEA9357003BB662 /* UDApp.app */;
			productType = "com.apple.product-type.application";
		};
/* End PBXNativeTarget section */

/* Begin PBXProject section */
		D58EF4FF1BEA9356003BB662 /* Project object */ = {
			isa = PBXProject;
			attributes = {
				LastUpgradeCheck = 0710;
				ORGANIZATIONNAME = Underdark;
				TargetAttributes = {
					D58EF5061BEA9357003BB662 = {
						CreatedOnToolsVersion = 7.1;
					};
				};
			};
			buildConfigurationList = D58EF5021BEA9356003BB662 /* Build configuration list for PBXProject "UDApp" */;
			compatibilityVersion = "Xcode 3.2";
			developmentRegion = English;
			hasScannedForEncodings = 0;
			knownRegions = (
				en,
				Base,
			);
			mainGroup = D58EF4FE1BEA9356003BB662;
			productRefGroup = D58EF5081BEA9357003BB662 /* Products */;
			projectDirPath = "";
			projectRoot = "";
			targets = (
				D58EF5061BEA9357003BB662 /* UDApp */,
			);
		};
/* End PBXProject section */

/* Begin PBXResourcesBuildPhase section */
		D58EF5051BEA9357003BB662 /* Resources */ = {
			isa = PBXResourcesBuildPhase;
			buildActionMask = 2147483647;
			files = (
				D58EF51A1BEA9357003BB662 /* LaunchScreen.storyboard in Resources */,
				D58EF5171BEA9357003BB662 /* Assets.xcassets in Resources */,
				D58EF5151BEA9357003BB662 /* Main.storyboard in Resources */,
			);
			runOnlyForDeploymentPostprocessing = 0;
		};
/* End PBXResourcesBuildPhase section */

/* Begin PBXSourcesBuildPhase section */
		D58EF5031BEA9357003BB662 /* Sources */ = {
			isa = PBXSourcesBuildPhase;
			buildActionMask = 2147483647;
			files = (
				D58EF5121BEA9357003BB662 /* ViewController.m in Sources */,
				D58EF50F1BEA9357003BB662 /* AppDelegate.m in Sources */,
				D58EF50C1BEA9357003BB662 /* main.m in Sources */,
				D58EF52F1BEA9439003BB662 /* Node.m in Sources */,
			);
			runOnlyForDeploymentPostprocessing = 0;
		};
/* End PBXSourcesBuildPhase section */

/* Begin PBXVariantGroup section */
		D58EF5131BEA9357003BB662 /* Main.storyboard */ = {
			isa = PBXVariantGroup;
			children = (
				D58EF5141BEA9357003BB662 /* Base */,
			);
			name = Main.storyboard;
			sourceTree = "<group>";
		};
		D58EF5181BEA9357003BB662 /* LaunchScreen.storyboard */ = {
			isa = PBXVariantGroup;
			children = (
				D58EF5191BEA9357003BB662 /* Base */,
			);
			name = LaunchScreen.storyboard;
			sourceTree = "<group>";
		};
/* End PBXVariantGroup section */

/* Begin XCBuildConfiguration section */
		D58EF51C1BEA9357003BB662 /* Debug */ = {
			isa = XCBuildConfiguration;
			buildSettings = {
				ALWAYS_SEARCH_USER_PATHS = NO;
				CLANG_CXX_LANGUAGE_STANDARD = "gnu++0x";
				CLANG_CXX_LIBRARY = "libc++";
				CLANG_ENABLE_MODULES = YES;
				CLANG_ENABLE_OBJC_ARC = YES;
				CLANG_WARN_BOOL_CONVERSION = YES;
				CLANG_WARN_CONSTANT_CONVERSION = YES;
				CLANG_WARN_DIRECT_OBJC_ISA_USAGE = YES_ERROR;
				CLANG_WARN_EMPTY_BODY = YES;
				CLANG_WARN_ENUM_CONVERSION = YES;
				CLANG_WARN_INT_CONVERSION = YES;
				CLANG_WARN_OBJC_ROOT_CLASS = YES_ERROR;
				CLANG_WARN_UNREACHABLE_CODE = YES;
				CLANG_WARN__DUPLICATE_METHOD_MATCH = YES;
				"CODE_SIGN_IDENTITY[sdk=iphoneos*]" = "iPhone Developer";
				COPY_PHASE_STRIP = NO;
				DEBUG_INFORMATION_FORMAT = dwarf;
				ENABLE_STRICT_OBJC_MSGSEND = YES;
				ENABLE_TESTABILITY = YES;
				GCC_C_LANGUAGE_STANDARD = gnu99;
				GCC_DYNAMIC_NO_PIC = NO;
				GCC_NO_COMMON_BLOCKS = YES;
				GCC_OPTIMIZATION_LEVEL = 0;
				GCC_PREPROCESSOR_DEFINITIONS = (
					"DEBUG=1",
					"$(inherited)",
				);
				GCC_WARN_64_TO_32_BIT_CONVERSION = YES;
				GCC_WARN_ABOUT_RETURN_TYPE = YES_ERROR;
				GCC_WARN_UNDECLARED_SELECTOR = YES;
				GCC_WARN_UNINITIALIZED_AUTOS = YES_AGGRESSIVE;
				GCC_WARN_UNUSED_FUNCTION = YES;
				GCC_WARN_UNUSED_VARIABLE = YES;
				IPHONEOS_DEPLOYMENT_TARGET = 9.1;
				MTL_ENABLE_DEBUG_INFO = YES;
				ONLY_ACTIVE_ARCH = YES;
				SDKROOT = iphoneos;
			};
			name = Debug;
		};
		D58EF51D1BEA9357003BB662 /* Release */ = {
			isa = XCBuildConfiguration;
			buildSettings = {
				ALWAYS_SEARCH_USER_PATHS = NO;
				CLANG_CXX_LANGUAGE_STANDARD = "gnu++0x";
				CLANG_CXX_LIBRARY = "libc++";
				CLANG_ENABLE_MODULES = YES;
				CLANG_ENABLE_OBJC_ARC = YES;
				CLANG_WARN_BOOL_CONVERSION = YES;
				CLANG_WARN_CONSTANT_CONVERSION = YES;
				CLANG_WARN_DIRECT_OBJC_ISA_USAGE = YES_ERROR;
				CLANG_WARN_EMPTY_BODY = YES;
				CLANG_WARN_ENUM_CONVERSION = YES;
				CLANG_WARN_INT_CONVERSION = YES;
				CLANG_WARN_OBJC_ROOT_CLASS = YES_ERROR;
				CLANG_WARN_UNREACHABLE_CODE = YES;
				CLANG_WARN__DUPLICATE_METHOD_MATCH = YES;
				"CODE_SIGN_IDENTITY[sdk=iphoneos*]" = "iPhone Developer";
				COPY_PHASE_STRIP = NO;
				DEBUG_INFORMATION_FORMAT = "dwarf-with-dsym";
				ENABLE_NS_ASSERTIONS = NO;
				ENABLE_STRICT_OBJC_MSGSEND = YES;
				GCC_C_LANGUAGE_STANDARD = gnu99;
				GCC_NO_COMMON_BLOCKS = YES;
				GCC_WARN_64_TO_32_BIT_CONVERSION = YES;
				GCC_WARN_ABOUT_RETURN_TYPE = YES_ERROR;
				GCC_WARN_UNDECLARED_SELECTOR = YES;
				GCC_WARN_UNINITIALIZED_AUTOS = YES_AGGRESSIVE;
				GCC_WARN_UNUSED_FUNCTION = YES;
				GCC_WARN_UNUSED_VARIABLE = YES;
				IPHONEOS_DEPLOYMENT_TARGET = 9.1;
				MTL_ENABLE_DEBUG_INFO = NO;
				SDKROOT = iphoneos;
				VALIDATE_PRODUCT = YES;
			};
			name = Release;
		};
		D58EF51F1BEA9357003BB662 /* Debug */ = {
			isa = XCBuildConfiguration;
			buildSettings = {
				ASSETCATALOG_COMPILER_APPICON_NAME = AppIcon;
				FRAMEWORK_SEARCH_PATHS = (
					"$(inherited)",
					"$(PROJECT_DIR)/Libraries",
				);
				INFOPLIST_FILE = UDApp/Info.plist;
				LD_RUNPATH_SEARCH_PATHS = "$(inherited) @executable_path/Frameworks";
				PRODUCT_BUNDLE_IDENTIFIER = io.underdark.app;
				PRODUCT_NAME = "$(TARGET_NAME)";
			};
			name = Debug;
		};
		D58EF5201BEA9357003BB662 /* Release */ = {
			isa = XCBuildConfiguration;
			buildSettings = {
				ASSETCATALOG_COMPILER_APPICON_NAME = AppIcon;
				FRAMEWORK_SEARCH_PATHS = (
					"$(inherited)",
					"$(PROJECT_DIR)/Libraries",
				);
				INFOPLIST_FILE = UDApp/Info.plist;
				LD_RUNPATH_SEARCH_PATHS = "$(inherited) @executable_path/Frameworks";
				PRODUCT_BUNDLE_IDENTIFIER = io.underdark.app;
				PRODUCT_NAME = "$(TARGET_NAME)";
			};
			name = Release;
		};
/* End XCBuildConfiguration section */

/* Begin XCConfigurationList section */
		D58EF5021BEA9356003BB662 /* Build configuration list for PBXProject "UDApp" */ = {
			isa = XCConfigurationList;
			buildConfigurations = (
				D58EF51C1BEA9357003BB662 /* Debug */,
				D58EF51D1BEA9357003BB662 /* Release */,
			);
			defaultConfigurationIsVisible = 0;
			defaultConfigurationName = Release;
		};
		D58EF51E1BEA9357003BB662 /* Build configuration list for PBXNativeTarget "UDApp" */ = {
			isa = XCConfigurationList;
			buildConfigurations = (
				D58EF51F1BEA9357003BB662 /* Debug */,
				D58EF5201BEA9357003BB662 /* Release */,
			);
			defaultConfigurationIsVisible = 0;
			defaultConfigurationName = Release;
		};
/* End XCConfigurationList section */
	};
	rootObject = D58EF4FF1BEA9356003BB662 /* Project object */;
}
